
Microsoft Visual Studio Solution File, Format Version 12.00
# Visual Studio Version 16
VisualStudioVersion = 16.0.31313.79
MinimumVisualStudioVersion = 10.0.40219.1
Project("{9A19103F-16F7-4668-BE54-9A1E7A4F7556}") = "Video1_Basics", "Video1_Basics\Video1_Basics.csproj", "{1FAE8179-FC2F-4D74-A0B2-9C6BEDF1A63C}"
EndProject
Project("{9A19103F-16F7-4668-BE54-9A1E7A4F7556}") = "Video2_IdentityExample", "Video2_IdentityExample\Video2_IdentityExample.csproj", "{68D895E0-AFBF-4D55-B280-6AAF05E1DE9A}"
EndProject
Project("{9A19103F-16F7-4668-BE54-9A1E7A4F7556}") = "Video3_EmailVerification", "Video3_EmailVerification\Video3_EmailVerification.csproj", "{44EBACE0-87AF-4FD4-88C7-B85651FBD456}"
EndProject
Project("{9A19103F-16F7-4668-BE54-9A1E7A4F7556}") = "Video4_Authorization", "Video4_Authorization\Video4_Authorization.csproj", "{51779E6B-27EC-48E0-B924-FC3C4C7FD39E}"
EndProject
Project("{2150E333-8FDC-42A3-9474-1A3956D46DE8}") = "Videos1_6", "Videos1_6", "{F1FAF234-86C9-4FBE-8CDA-45050E2B63C5}"
EndProject
Project("{2150E333-8FDC-42A3-9474-1A3956D46DE8}") = "Videos7_10", "Videos7_10", "{E76E40DD-4E80-494F-A036-D3103DF636AF}"
EndProject
Project("{FAE04EC0-301F-11D3-BF4B-00C04F79EFBC}") = "Server", "Server\Server.csproj", "{AA37BBC3-ADC9-47E4-B6D4-01F95DA8FEE5}"
EndProject
Project("{FAE04EC0-301F-11D3-BF4B-00C04F79EFBC}") = "Client", "Client\Client.csproj", "{77A921D5-BD10-4DB4-A648-F4D00E73D3A7}"
EndProject
Project("{FAE04EC0-301F-11D3-BF4B-00C04F79EFBC}") = "Api", "Api\Api.csproj", "{ADC8321D-D851-41A9-BD39-8D72759F43AD}"
EndProject
Project("{FAE04EC0-301F-11D3-BF4B-00C04F79EFBC}") = "Video5_6_ExtrasAndRazor", "Video5_6_ExtrasAndRazor\Video5_6_ExtrasAndRazor.csproj", "{F8AA236E-F36F-480B-A05A-BBF3412EC6D9}"
EndProject
Global
	GlobalSection(SolutionConfigurationPlatforms) = preSolution
		Debug|Any CPU = Debug|Any CPU
		Release|Any CPU = Release|Any CPU
	EndGlobalSection
	GlobalSection(ProjectConfigurationPlatforms) = postSolution
		{1FAE8179-FC2F-4D74-A0B2-9C6BEDF1A63C}.Debug|Any CPU.ActiveCfg = Debug|Any CPU
		{1FAE8179-FC2F-4D74-A0B2-9C6BEDF1A63C}.Debug|Any CPU.Build.0 = Debug|Any CPU
		{1FAE8179-FC2F-4D74-A0B2-9C6BEDF1A63C}.Release|Any CPU.ActiveCfg = Release|Any CPU
		{1FAE8179-FC2F-4D74-A0B2-9C6BEDF1A63C}.Release|Any CPU.Build.0 = Release|Any CPU
		{68D895E0-AFBF-4D55-B280-6AAF05E1DE9A}.Debug|Any CPU.ActiveCfg = Debug|Any CPU
		{68D895E0-AFBF-4D55-B280-6AAF05E1DE9A}.Debug|Any CPU.Build.0 = Debug|Any CPU
		{68D895E0-AFBF-4D55-B280-6AAF05E1DE9A}.Release|Any CPU.ActiveCfg = Release|Any CPU
		{68D895E0-AFBF-4D55-B280-6AAF05E1DE9A}.Release|Any CPU.Build.0 = Release|Any CPU
		{44EBACE0-87AF-4FD4-88C7-B85651FBD456}.Debug|Any CPU.ActiveCfg = Debug|Any CPU
		{44EBACE0-87AF-4FD4-88C7-B85651FBD456}.Debug|Any CPU.Build.0 = Debug|Any CPU
		{44EBACE0-87AF-4FD4-88C7-B85651FBD456}.Release|Any CPU.ActiveCfg = Release|Any CPU
		{44EBACE0-87AF-4FD4-88C7-B85651FBD456}.Release|Any CPU.Build.0 = Release|Any CPU
		{51779E6B-27EC-48E0-B924-FC3C4C7FD39E}.Debug|Any CPU.ActiveCfg = Debug|Any CPU
		{51779E6B-27EC-48E0-B924-FC3C4C7FD39E}.Debug|Any CPU.Build.0 = Debug|Any CPU
		{51779E6B-27EC-48E0-B924-FC3C4C7FD39E}.Release|Any CPU.ActiveCfg = Release|Any CPU
		{51779E6B-27EC-48E0-B924-FC3C4C7FD39E}.Release|Any CPU.Build.0 = Release|Any CPU
		{AA37BBC3-ADC9-47E4-B6D4-01F95DA8FEE5}.Debug|Any CPU.ActiveCfg = Debug|Any CPU
		{AA37BBC3-ADC9-47E4-B6D4-01F95DA8FEE5}.Debug|Any CPU.Build.0 = Debug|Any CPU
		{AA37BBC3-ADC9-47E4-B6D4-01F95DA8FEE5}.Release|Any CPU.ActiveCfg = Release|Any CPU
		{AA37BBC3-ADC9-47E4-B6D4-01F95DA8FEE5}.Release|Any CPU.Build.0 = Release|Any CPU
		{77A921D5-BD10-4DB4-A648-F4D00E73D3A7}.Debug|Any CPU.ActiveCfg = Debug|Any CPU
		{77A921D5-BD10-4DB4-A648-F4D00E73D3A7}.Debug|Any CPU.Build.0 = Debug|Any CPU
		{77A921D5-BD10-4DB4-A648-F4D00E73D3A7}.Release|Any CPU.ActiveCfg = Release|Any CPU
		{77A921D5-BD10-4DB4-A648-F4D00E73D3A7}.Release|Any CPU.Build.0 = Release|Any CPU
		{ADC8321D-D851-41A9-BD39-8D72759F43AD}.Debug|Any CPU.ActiveCfg = Debug|Any CPU
		{ADC8321D-D851-41A9-BD39-8D72759F43AD}.Debug|Any CPU.Build.0 = Debug|Any CPU
		{ADC8321D-D851-41A9-BD39-8D72759F43AD}.Release|Any CPU.ActiveCfg = Release|Any CPU
		{ADC8321D-D851-41A9-BD39-8D72759F43AD}.Release|Any CPU.Build.0 = Release|Any CPU
		{F8AA236E-F36F-480B-A05A-BBF3412EC6D9}.Debug|Any CPU.ActiveCfg = Debug|Any CPU
		{F8AA236E-F36F-480B-A05A-BBF3412EC6D9}.Debug|Any CPU.Build.0 = Debug|Any CPU
		{F8AA236E-F36F-480B-A05A-BBF3412EC6D9}.Release|Any CPU.ActiveCfg = Release|Any CPU
		{F8AA236E-F36F-480B-A05A-BBF3412EC6D9}.Release|Any CPU.Build.0 = Release|Any CPU
	EndGlobalSection
	GlobalSection(SolutionProperties) = preSolution
		HideSolutionNode = FALSE
	EndGlobalSection
	GlobalSection(NestedProjects) = preSolution
		{1FAE8179-FC2F-4D74-A0B2-9C6BEDF1A63C} = {F1FAF234-86C9-4FBE-8CDA-45050E2B63C5}
		{68D895E0-AFBF-4D55-B280-6AAF05E1DE9A} = {F1FAF234-86C9-4FBE-8CDA-45050E2B63C5}
		{44EBACE0-87AF-4FD4-88C7-B85651FBD456} = {F1FAF234-86C9-4FBE-8CDA-45050E2B63C5}
		{51779E6B-27EC-48E0-B924-FC3C4C7FD39E} = {F1FAF234-86C9-4FBE-8CDA-45050E2B63C5}
		{AA37BBC3-ADC9-47E4-B6D4-01F95DA8FEE5} = {E76E40DD-4E80-494F-A036-D3103DF636AF}
		{77A921D5-BD10-4DB4-A648-F4D00E73D3A7} = {E76E40DD-4E80-494F-A036-D3103DF636AF}
		{ADC8321D-D851-41A9-BD39-8D72759F43AD} = {E76E40DD-4E80-494F-A036-D3103DF636AF}
		{F8AA236E-F36F-480B-A05A-BBF3412EC6D9} = {F1FAF234-86C9-4FBE-8CDA-45050E2B63C5}
	EndGlobalSection
	GlobalSection(ExtensibilityGlobals) = postSolution
		SolutionGuid = {63D6CC91-8C52-405C-B24A-A5BE3AC68E3C}
	EndGlobalSection
EndGlobal
